
Microsoft Visual Studio Solution File, Format Version 12.00
# Visual Studio Version 16
VisualStudioVersion = 25.0.1703.6
MinimumVisualStudioVersion = 10.0.40219.1
Project("{FAE04EC0-301F-11D3-BF4B-00C04F79EFBC}") = "q1", "q1\q1.csproj", "{BD6EBD94-53D5-4360-A216-B01B0D975893}"
EndProject
Global
	GlobalSection(SolutionConfigurationPlatforms) = preSolution
		Debug|Any CPU = Debug|Any CPU
		Release|Any CPU = Release|Any CPU
	EndGlobalSection
	GlobalSection(ProjectConfigurationPlatforms) = postSolution
		{BD6EBD94-53D5-4360-A216-B01B0D975893}.Debug|Any CPU.ActiveCfg = Debug|Any CPU
		{BD6EBD94-53D5-4360-A216-B01B0D975893}.Debug|Any CPU.Build.0 = Debug|Any CPU
		{BD6EBD94-53D5-4360-A216-B01B0D975893}.Release|Any CPU.ActiveCfg = Release|Any CPU
		{BD6EBD94-53D5-4360-A216-B01B0D975893}.Release|Any CPU.Build.0 = Release|Any CPU
	EndGlobalSection
	GlobalSection(SolutionProperties) = preSolution
		HideSolutionNode = FALSE
	EndGlobalSection
	GlobalSection(ExtensibilityGlobals) = postSolution
		SolutionGuid = {A4474348-70CE-4E19-BDD2-1106E5656017}
	EndGlobalSection
EndGlobal
